// !$*UTF8*$!
{
	archiveVersion = 1;
	classes = {
	};
	objectVersion = 46;
	objects = {

/* Begin PBXBuildFile section */
		8105C7E51A12E76D006C811C /* Player.atlas in Resources */ = {isa = PBXBuildFile; fileRef = 8105C7E41A12E76D006C811C /* Player.atlas */; };
		8105C7E91A1313C2006C811C /* Volcanobackground.png in Resources */ = {isa = PBXBuildFile; fileRef = 8105C7E81A1313C2006C811C /* Volcanobackground.png */; };
		8105C7EB1A1325E7006C811C /* Volcano.atlas in Resources */ = {isa = PBXBuildFile; fileRef = 8105C7EA1A1325E7006C811C /* Volcano.atlas */; };
		8105C7ED1A132F47006C811C /* Boulder.atlas in Resources */ = {isa = PBXBuildFile; fileRef = 8105C7EC1A132F47006C811C /* Boulder.atlas */; };
		8138D3E81A168AED00EE0BFD /* Boulder1.png in Resources */ = {isa = PBXBuildFile; fileRef = 8138D3E71A168AED00EE0BFD /* Boulder1.png */; };
		8138D3EA1A168F8D00EE0BFD /* EvilDuck.png in Resources */ = {isa = PBXBuildFile; fileRef = 8138D3E91A168F8D00EE0BFD /* EvilDuck.png */; };
		819C419B1A19D16100A0D65C /* BHJXIntroLevel2.m in Sources */ = {isa = PBXBuildFile; fileRef = 819C419A1A19D16100A0D65C /* BHJXIntroLevel2.m */; };
		819C41A41A19D1DA00A0D65C /* Intro2Scene5.png in Resources */ = {isa = PBXBuildFile; fileRef = 819C419F1A19D1DA00A0D65C /* Intro2Scene5.png */; };
		819C41A51A19D1DA00A0D65C /* Intro2Scene4.png in Resources */ = {isa = PBXBuildFile; fileRef = 819C41A01A19D1DA00A0D65C /* Intro2Scene4.png */; };
		819C41A61A19D1DA00A0D65C /* Intro2Scene3.png in Resources */ = {isa = PBXBuildFile; fileRef = 819C41A11A19D1DA00A0D65C /* Intro2Scene3.png */; };
		819C41A71A19D1DA00A0D65C /* Intro2Scene2.png in Resources */ = {isa = PBXBuildFile; fileRef = 819C41A21A19D1DA00A0D65C /* Intro2Scene2.png */; };
		819C41A81A19D1DA00A0D65C /* Intro2Scene1.png in Resources */ = {isa = PBXBuildFile; fileRef = 819C41A31A19D1DA00A0D65C /* Intro2Scene1.png */; };
		819C41AE1A19D1EC00A0D65C /* Intro3Scene4.png in Resources */ = {isa = PBXBuildFile; fileRef = 819C41AA1A19D1EC00A0D65C /* Intro3Scene4.png */; };
		819C41AF1A19D1EC00A0D65C /* Intro3Scene3.png in Resources */ = {isa = PBXBuildFile; fileRef = 819C41AB1A19D1EC00A0D65C /* Intro3Scene3.png */; };
		819C41B01A19D1EC00A0D65C /* Intro3Scene2.png in Resources */ = {isa = PBXBuildFile; fileRef = 819C41AC1A19D1EC00A0D65C /* Intro3Scene2.png */; };
		819C41B11A19D1EC00A0D65C /* Intro3Scene1.png in Resources */ = {isa = PBXBuildFile; fileRef = 819C41AD1A19D1EC00A0D65C /* Intro3Scene1.png */; };
		819C41B61A19D20E00A0D65C /* EndScene3.png in Resources */ = {isa = PBXBuildFile; fileRef = 819C41B31A19D20E00A0D65C /* EndScene3.png */; };
		819C41B71A19D20E00A0D65C /* EndScene2.png in Resources */ = {isa = PBXBuildFile; fileRef = 819C41B41A19D20E00A0D65C /* EndScene2.png */; };
		819C41B81A19D20E00A0D65C /* EndScene1.png in Resources */ = {isa = PBXBuildFile; fileRef = 819C41B51A19D20E00A0D65C /* EndScene1.png */; };
		819C41BB1A19D2BF00A0D65C /* BHJXIntroLevel3.m in Sources */ = {isa = PBXBuildFile; fileRef = 819C41BA1A19D2BF00A0D65C /* BHJXIntroLevel3.m */; };
		819C41C01A19D3EB00A0D65C /* BHJXEndingCutscene.m in Sources */ = {isa = PBXBuildFile; fileRef = 819C41BF1A19D3EB00A0D65C /* BHJXEndingCutscene.m */; };
		819C41C21A19D7D100A0D65C /* Current.png in Resources */ = {isa = PBXBuildFile; fileRef = 819C41C11A19D7D100A0D65C /* Current.png */; };
		819C41C41A19D7E100A0D65C /* Mantle.atlas in Resources */ = {isa = PBXBuildFile; fileRef = 819C41C31A19D7E100A0D65C /* Mantle.atlas */; };
		81BFAEB91A1005D300058249 /* BHJXIntroLevel1.m in Sources */ = {isa = PBXBuildFile; fileRef = 81BFAEB81A1005D300058249 /* BHJXIntroLevel1.m */; };
		81BFAEBD1A10208C00058249 /* Intro1Scene1.png in Resources */ = {isa = PBXBuildFile; fileRef = 81BFAEBC1A10208C00058249 /* Intro1Scene1.png */; };
		81BFAEC01A102B0100058249 /* Intro1Scene3.png in Resources */ = {isa = PBXBuildFile; fileRef = 81BFAEBE1A102B0100058249 /* Intro1Scene3.png */; };
		81BFAEC71A10326500058249 /* Intro1Scene2.png in Resources */ = {isa = PBXBuildFile; fileRef = 81BFAEC21A10326500058249 /* Intro1Scene2.png */; };
		81BFAEC81A10326500058249 /* Intro1Scene7.png in Resources */ = {isa = PBXBuildFile; fileRef = 81BFAEC31A10326500058249 /* Intro1Scene7.png */; };
		81BFAEC91A10326500058249 /* Intro1Scene6.png in Resources */ = {isa = PBXBuildFile; fileRef = 81BFAEC41A10326500058249 /* Intro1Scene6.png */; };
		81BFAECA1A10326500058249 /* Intro1Scene5.png in Resources */ = {isa = PBXBuildFile; fileRef = 81BFAEC51A10326500058249 /* Intro1Scene5.png */; };
		81BFAECB1A10326500058249 /* Intro1Scene4.png in Resources */ = {isa = PBXBuildFile; fileRef = 81BFAEC61A10326500058249 /* Intro1Scene4.png */; };
		81E9414F1A1AD17A004BFF0C /* laser.png in Resources */ = {isa = PBXBuildFile; fileRef = 81E9414E1A1AD17A004BFF0C /* laser.png */; };
		81E941511A1AD564004BFF0C /* mantleBackground.png in Resources */ = {isa = PBXBuildFile; fileRef = 81E941501A1AD564004BFF0C /* mantleBackground.png */; };
		A460CE321A12C0CA006AD185 /* BHJXLevel3Scene.m in Sources */ = {isa = PBXBuildFile; fileRef = A460CE311A12C0CA006AD185 /* BHJXLevel3Scene.m */; };
		A48A9FB419FD9DE10032EBEE /* Layer.caf in Resources */ = {isa = PBXBuildFile; fileRef = A48A9FB319FD9DE10032EBEE /* Layer.caf */; };
		A48A9FB619FD9EAB0032EBEE /* explosion_small.caf in Resources */ = {isa = PBXBuildFile; fileRef = A48A9FB519FD9EAB0032EBEE /* explosion_small.caf */; };
		E804940119F7491800A1A129 /* BHJXStartMenuViewController.m in Sources */ = {isa = PBXBuildFile; fileRef = E804940019F7491800A1A129 /* BHJXStartMenuViewController.m */; };
		E804E6A719FD830400529044 /* BHJXGameOverScene.m in Sources */ = {isa = PBXBuildFile; fileRef = E804E6A619FD830400529044 /* BHJXGameOverScene.m */; };
		E804E6AA19FD8BBF00529044 /* BHJXStartMenuScene.m in Sources */ = {isa = PBXBuildFile; fileRef = E804E6A919FD8BBF00529044 /* BHJXStartMenuScene.m */; };
		E81E2ADD1A102B0600733BC2 /* BHJXLevel2Scene.m in Sources */ = {isa = PBXBuildFile; fileRef = E81E2ADC1A102B0600733BC2 /* BHJXLevel2Scene.m */; };
		E84A26C119F98FFB00040D6E /* Startmenubackground.png in Resources */ = {isa = PBXBuildFile; fileRef = E84A26C019F98FFB00040D6E /* Startmenubackground.png */; };
		E892CC071A196D3500C52332 /* BHJXVictoryScene.m in Sources */ = {isa = PBXBuildFile; fileRef = E892CC061A196D3500C52332 /* BHJXVictoryScene.m */; };
		E89C501319EB2E7800FF75A1 /* Foundation.framework in Frameworks */ = {isa = PBXBuildFile; fileRef = E89C501219EB2E7800FF75A1 /* Foundation.framework */; };
		E89C501519EB2E7800FF75A1 /* CoreGraphics.framework in Frameworks */ = {isa = PBXBuildFile; fileRef = E89C501419EB2E7800FF75A1 /* CoreGraphics.framework */; };
		E89C501719EB2E7800FF75A1 /* UIKit.framework in Frameworks */ = {isa = PBXBuildFile; fileRef = E89C501619EB2E7800FF75A1 /* UIKit.framework */; };
		E89C501919EB2E7800FF75A1 /* SpriteKit.framework in Frameworks */ = {isa = PBXBuildFile; fileRef = E89C501819EB2E7800FF75A1 /* SpriteKit.framework */; };
		E89C501F19EB2E7800FF75A1 /* InfoPlist.strings in Resources */ = {isa = PBXBuildFile; fileRef = E89C501D19EB2E7800FF75A1 /* InfoPlist.strings */; };
		E89C502119EB2E7800FF75A1 /* main.m in Sources */ = {isa = PBXBuildFile; fileRef = E89C502019EB2E7800FF75A1 /* main.m */; };
		E89C502519EB2E7800FF75A1 /* BHJXAppDelegate.m in Sources */ = {isa = PBXBuildFile; fileRef = E89C502419EB2E7800FF75A1 /* BHJXAppDelegate.m */; };
		E89C502819EB2E7800FF75A1 /* Main.storyboard in Resources */ = {isa = PBXBuildFile; fileRef = E89C502619EB2E7800FF75A1 /* Main.storyboard */; };
		E89C502B19EB2E7800FF75A1 /* BHJXViewController.m in Sources */ = {isa = PBXBuildFile; fileRef = E89C502A19EB2E7800FF75A1 /* BHJXViewController.m */; };
		E89C502E19EB2E7800FF75A1 /* BHJXLevel1Scene.m in Sources */ = {isa = PBXBuildFile; fileRef = E89C502D19EB2E7800FF75A1 /* BHJXLevel1Scene.m */; };
		E89C503019EB2E7800FF75A1 /* Spaceship.png in Resources */ = {isa = PBXBuildFile; fileRef = E89C502F19EB2E7800FF75A1 /* Spaceship.png */; };
		E89C503219EB2E7800FF75A1 /* Images.xcassets in Resources */ = {isa = PBXBuildFile; fileRef = E89C503119EB2E7800FF75A1 /* Images.xcassets */; };
		E89C503919EB2E7800FF75A1 /* XCTest.framework in Frameworks */ = {isa = PBXBuildFile; fileRef = E89C503819EB2E7800FF75A1 /* XCTest.framework */; };
		E89C503A19EB2E7800FF75A1 /* Foundation.framework in Frameworks */ = {isa = PBXBuildFile; fileRef = E89C501219EB2E7800FF75A1 /* Foundation.framework */; };
		E89C503B19EB2E7800FF75A1 /* UIKit.framework in Frameworks */ = {isa = PBXBuildFile; fileRef = E89C501619EB2E7800FF75A1 /* UIKit.framework */; };
		E89C504319EB2E7800FF75A1 /* InfoPlist.strings in Resources */ = {isa = PBXBuildFile; fileRef = E89C504119EB2E7800FF75A1 /* InfoPlist.strings */; };
		E89C504519EB2E7800FF75A1 /* LayersTests.m in Sources */ = {isa = PBXBuildFile; fileRef = E89C504419EB2E7800FF75A1 /* LayersTests.m */; };
		E89C505319EB2E9F00FF75A1 /* Boulder.png in Resources */ = {isa = PBXBuildFile; fileRef = E89C504F19EB2E9F00FF75A1 /* Boulder.png */; };
		E89C505419EB2E9F00FF75A1 /* LavaBoulder.png in Resources */ = {isa = PBXBuildFile; fileRef = E89C505019EB2E9F00FF75A1 /* LavaBoulder.png */; };
		E89C505619EB2E9F00FF75A1 /* Player.png in Resources */ = {isa = PBXBuildFile; fileRef = E89C505219EB2E9F00FF75A1 /* Player.png */; };
/* End PBXBuildFile section */

/* Begin PBXContainerItemProxy section */
		E89C503C19EB2E7800FF75A1 /* PBXContainerItemProxy */ = {
			isa = PBXContainerItemProxy;
			containerPortal = E89C500719EB2E7800FF75A1 /* Project object */;
			proxyType = 1;
			remoteGlobalIDString = E89C500E19EB2E7800FF75A1;
			remoteInfo = Layers;
		};
/* End PBXContainerItemProxy section */

/* Begin PBXFileReference section */
		8105C7E41A12E76D006C811C /* Player.atlas */ = {isa = PBXFileReference; lastKnownFileType = folder.skatlas; name = Player.atlas; path = ../Player.atlas; sourceTree = "<group>"; };
		8105C7E81A1313C2006C811C /* Volcanobackground.png */ = {isa = PBXFileReference; lastKnownFileType = image.png; path = Volcanobackground.png; sourceTree = "<group>"; };
		8105C7EA1A1325E7006C811C /* Volcano.atlas */ = {isa = PBXFileReference; lastKnownFileType = folder.skatlas; path = Volcano.atlas; sourceTree = "<group>"; };
		8105C7EC1A132F47006C811C /* Boulder.atlas */ = {isa = PBXFileReference; lastKnownFileType = folder.skatlas; path = Boulder.atlas; sourceTree = "<group>"; };
		8138D3E71A168AED00EE0BFD /* Boulder1.png */ = {isa = PBXFileReference; lastKnownFileType = image.png; name = Boulder1.png; path = Boulder.atlas/Boulder1.png; sourceTree = "<group>"; };
		8138D3E91A168F8D00EE0BFD /* EvilDuck.png */ = {isa = PBXFileReference; lastKnownFileType = image.png; path = EvilDuck.png; sourceTree = "<group>"; };
		819C41991A19D16100A0D65C /* BHJXIntroLevel2.h */ = {isa = PBXFileReference; fileEncoding = 4; lastKnownFileType = sourcecode.c.h; path = BHJXIntroLevel2.h; sourceTree = "<group>"; };
		819C419A1A19D16100A0D65C /* BHJXIntroLevel2.m */ = {isa = PBXFileReference; fileEncoding = 4; lastKnownFileType = sourcecode.c.objc; path = BHJXIntroLevel2.m; sourceTree = "<group>"; };
		819C419F1A19D1DA00A0D65C /* Intro2Scene5.png */ = {isa = PBXFileReference; lastKnownFileType = image.png; path = Intro2Scene5.png; sourceTree = "<group>"; };
		819C41A01A19D1DA00A0D65C /* Intro2Scene4.png */ = {isa = PBXFileReference; lastKnownFileType = image.png; path = Intro2Scene4.png; sourceTree = "<group>"; };
		819C41A11A19D1DA00A0D65C /* Intro2Scene3.png */ = {isa = PBXFileReference; lastKnownFileType = image.png; path = Intro2Scene3.png; sourceTree = "<group>"; };
		819C41A21A19D1DA00A0D65C /* Intro2Scene2.png */ = {isa = PBXFileReference; lastKnownFileType = image.png; path = Intro2Scene2.png; sourceTree = "<group>"; };
		819C41A31A19D1DA00A0D65C /* Intro2Scene1.png */ = {isa = PBXFileReference; lastKnownFileType = image.png; path = Intro2Scene1.png; sourceTree = "<group>"; };
		819C41AA1A19D1EC00A0D65C /* Intro3Scene4.png */ = {isa = PBXFileReference; lastKnownFileType = image.png; path = Intro3Scene4.png; sourceTree = "<group>"; };
		819C41AB1A19D1EC00A0D65C /* Intro3Scene3.png */ = {isa = PBXFileReference; lastKnownFileType = image.png; path = Intro3Scene3.png; sourceTree = "<group>"; };
		819C41AC1A19D1EC00A0D65C /* Intro3Scene2.png */ = {isa = PBXFileReference; lastKnownFileType = image.png; path = Intro3Scene2.png; sourceTree = "<group>"; };
		819C41AD1A19D1EC00A0D65C /* Intro3Scene1.png */ = {isa = PBXFileReference; lastKnownFileType = image.png; path = Intro3Scene1.png; sourceTree = "<group>"; };
		819C41B31A19D20E00A0D65C /* EndScene3.png */ = {isa = PBXFileReference; lastKnownFileType = image.png; path = EndScene3.png; sourceTree = "<group>"; };
		819C41B41A19D20E00A0D65C /* EndScene2.png */ = {isa = PBXFileReference; lastKnownFileType = image.png; path = EndScene2.png; sourceTree = "<group>"; };
		819C41B51A19D20E00A0D65C /* EndScene1.png */ = {isa = PBXFileReference; lastKnownFileType = image.png; path = EndScene1.png; sourceTree = "<group>"; };
		819C41B91A19D2BF00A0D65C /* BHJXIntroLevel3.h */ = {isa = PBXFileReference; fileEncoding = 4; lastKnownFileType = sourcecode.c.h; path = BHJXIntroLevel3.h; sourceTree = "<group>"; };
		819C41BA1A19D2BF00A0D65C /* BHJXIntroLevel3.m */ = {isa = PBXFileReference; fileEncoding = 4; lastKnownFileType = sourcecode.c.objc; path = BHJXIntroLevel3.m; sourceTree = "<group>"; };
		819C41BE1A19D3EB00A0D65C /* BHJXEndingCutscene.h */ = {isa = PBXFileReference; fileEncoding = 4; lastKnownFileType = sourcecode.c.h; path = BHJXEndingCutscene.h; sourceTree = "<group>"; };
		819C41BF1A19D3EB00A0D65C /* BHJXEndingCutscene.m */ = {isa = PBXFileReference; fileEncoding = 4; lastKnownFileType = sourcecode.c.objc; path = BHJXEndingCutscene.m; sourceTree = "<group>"; };
		819C41C11A19D7D100A0D65C /* Current.png */ = {isa = PBXFileReference; lastKnownFileType = image.png; path = Current.png; sourceTree = "<group>"; };
		819C41C31A19D7E100A0D65C /* Mantle.atlas */ = {isa = PBXFileReference; lastKnownFileType = folder.skatlas; path = Mantle.atlas; sourceTree = "<group>"; };
		81BFAEB71A1005D300058249 /* BHJXIntroLevel1.h */ = {isa = PBXFileReference; fileEncoding = 4; lastKnownFileType = sourcecode.c.h; name = BHJXIntroLevel1.h; path = ../BHJXIntroLevel1.h; sourceTree = "<group>"; };
		81BFAEB81A1005D300058249 /* BHJXIntroLevel1.m */ = {isa = PBXFileReference; fileEncoding = 4; lastKnownFileType = sourcecode.c.objc; name = BHJXIntroLevel1.m; path = ../BHJXIntroLevel1.m; sourceTree = "<group>"; };
		81BFAEBC1A10208C00058249 /* Intro1Scene1.png */ = {isa = PBXFileReference; lastKnownFileType = image.png; path = Intro1Scene1.png; sourceTree = "<group>"; };
		81BFAEBE1A102B0100058249 /* Intro1Scene3.png */ = {isa = PBXFileReference; lastKnownFileType = image.png; path = Intro1Scene3.png; sourceTree = "<group>"; };
		81BFAEC21A10326500058249 /* Intro1Scene2.png */ = {isa = PBXFileReference; lastKnownFileType = image.png; name = Intro1Scene2.png; path = ../../Intro1Scene2.png; sourceTree = "<group>"; };
		81BFAEC31A10326500058249 /* Intro1Scene7.png */ = {isa = PBXFileReference; lastKnownFileType = image.png; name = Intro1Scene7.png; path = ../../Intro1Scene7.png; sourceTree = "<group>"; };
		81BFAEC41A10326500058249 /* Intro1Scene6.png */ = {isa = PBXFileReference; lastKnownFileType = image.png; name = Intro1Scene6.png; path = ../../Intro1Scene6.png; sourceTree = "<group>"; };
		81BFAEC51A10326500058249 /* Intro1Scene5.png */ = {isa = PBXFileReference; lastKnownFileType = image.png; name = Intro1Scene5.png; path = ../../Intro1Scene5.png; sourceTree = "<group>"; };
		81BFAEC61A10326500058249 /* Intro1Scene4.png */ = {isa = PBXFileReference; lastKnownFileType = image.png; name = Intro1Scene4.png; path = ../../Intro1Scene4.png; sourceTree = "<group>"; };
		81E9414E1A1AD17A004BFF0C /* laser.png */ = {isa = PBXFileReference; lastKnownFileType = image.png; path = laser.png; sourceTree = "<group>"; };
		81E941501A1AD564004BFF0C /* mantleBackground.png */ = {isa = PBXFileReference; lastKnownFileType = image.png; name = mantleBackground.png; path = Mantle.atlas/mantleBackground.png; sourceTree = "<group>"; };
		A460CE301A12C0CA006AD185 /* BHJXLevel3Scene.h */ = {isa = PBXFileReference; fileEncoding = 4; lastKnownFileType = sourcecode.c.h; path = BHJXLevel3Scene.h; sourceTree = "<group>"; };
		A460CE311A12C0CA006AD185 /* BHJXLevel3Scene.m */ = {isa = PBXFileReference; fileEncoding = 4; lastKnownFileType = sourcecode.c.objc; path = BHJXLevel3Scene.m; sourceTree = "<group>"; };
		A48A9FB319FD9DE10032EBEE /* Layer.caf */ = {isa = PBXFileReference; lastKnownFileType = file; path = Layer.caf; sourceTree = "<group>"; };
		A48A9FB519FD9EAB0032EBEE /* explosion_small.caf */ = {isa = PBXFileReference; lastKnownFileType = file; path = explosion_small.caf; sourceTree = "<group>"; };
		E80493FF19F7491800A1A129 /* BHJXStartMenuViewController.h */ = {isa = PBXFileReference; fileEncoding = 4; lastKnownFileType = sourcecode.c.h; path = BHJXStartMenuViewController.h; sourceTree = "<group>"; };
		E804940019F7491800A1A129 /* BHJXStartMenuViewController.m */ = {isa = PBXFileReference; fileEncoding = 4; lastKnownFileType = sourcecode.c.objc; path = BHJXStartMenuViewController.m; sourceTree = "<group>"; };
		E804E6A519FD830400529044 /* BHJXGameOverScene.h */ = {isa = PBXFileReference; fileEncoding = 4; lastKnownFileType = sourcecode.c.h; path = BHJXGameOverScene.h; sourceTree = "<group>"; };
		E804E6A619FD830400529044 /* BHJXGameOverScene.m */ = {isa = PBXFileReference; fileEncoding = 4; lastKnownFileType = sourcecode.c.objc; path = BHJXGameOverScene.m; sourceTree = "<group>"; };
		E804E6A819FD8BBF00529044 /* BHJXStartMenuScene.h */ = {isa = PBXFileReference; fileEncoding = 4; lastKnownFileType = sourcecode.c.h; path = BHJXStartMenuScene.h; sourceTree = "<group>"; };
		E804E6A919FD8BBF00529044 /* BHJXStartMenuScene.m */ = {isa = PBXFileReference; fileEncoding = 4; lastKnownFileType = sourcecode.c.objc; path = BHJXStartMenuScene.m; sourceTree = "<group>"; };
		E81E2ADB1A102B0600733BC2 /* BHJXLevel2Scene.h */ = {isa = PBXFileReference; fileEncoding = 4; lastKnownFileType = sourcecode.c.h; path = BHJXLevel2Scene.h; sourceTree = "<group>"; };
		E81E2ADC1A102B0600733BC2 /* BHJXLevel2Scene.m */ = {isa = PBXFileReference; fileEncoding = 4; lastKnownFileType = sourcecode.c.objc; path = BHJXLevel2Scene.m; sourceTree = "<group>"; };
		E84A26C019F98FFB00040D6E /* Startmenubackground.png */ = {isa = PBXFileReference; lastKnownFileType = image.png; path = Startmenubackground.png; sourceTree = "<group>"; };
		E892CC051A196D3500C52332 /* BHJXVictoryScene.h */ = {isa = PBXFileReference; fileEncoding = 4; lastKnownFileType = sourcecode.c.h; path = BHJXVictoryScene.h; sourceTree = "<group>"; };
		E892CC061A196D3500C52332 /* BHJXVictoryScene.m */ = {isa = PBXFileReference; fileEncoding = 4; lastKnownFileType = sourcecode.c.objc; path = BHJXVictoryScene.m; sourceTree = "<group>"; };
		E89C500F19EB2E7800FF75A1 /* Layers.app */ = {isa = PBXFileReference; explicitFileType = wrapper.application; includeInIndex = 0; path = Layers.app; sourceTree = BUILT_PRODUCTS_DIR; };
		E89C501219EB2E7800FF75A1 /* Foundation.framework */ = {isa = PBXFileReference; lastKnownFileType = wrapper.framework; name = Foundation.framework; path = System/Library/Frameworks/Foundation.framework; sourceTree = SDKROOT; };
		E89C501419EB2E7800FF75A1 /* CoreGraphics.framework */ = {isa = PBXFileReference; lastKnownFileType = wrapper.framework; name = CoreGraphics.framework; path = System/Library/Frameworks/CoreGraphics.framework; sourceTree = SDKROOT; };
		E89C501619EB2E7800FF75A1 /* UIKit.framework */ = {isa = PBXFileReference; lastKnownFileType = wrapper.framework; name = UIKit.framework; path = System/Library/Frameworks/UIKit.framework; sourceTree = SDKROOT; };
		E89C501819EB2E7800FF75A1 /* SpriteKit.framework */ = {isa = PBXFileReference; lastKnownFileType = wrapper.framework; name = SpriteKit.framework; path = System/Library/Frameworks/SpriteKit.framework; sourceTree = SDKROOT; };
		E89C501C19EB2E7800FF75A1 /* Layers-Info.plist */ = {isa = PBXFileReference; lastKnownFileType = text.plist.xml; path = "Layers-Info.plist"; sourceTree = "<group>"; };
		E89C501E19EB2E7800FF75A1 /* en */ = {isa = PBXFileReference; lastKnownFileType = text.plist.strings; name = en; path = en.lproj/InfoPlist.strings; sourceTree = "<group>"; };
		E89C502019EB2E7800FF75A1 /* main.m */ = {isa = PBXFileReference; lastKnownFileType = sourcecode.c.objc; path = main.m; sourceTree = "<group>"; };
		E89C502219EB2E7800FF75A1 /* Layers-Prefix.pch */ = {isa = PBXFileReference; lastKnownFileType = sourcecode.c.h; path = "Layers-Prefix.pch"; sourceTree = "<group>"; };
		E89C502319EB2E7800FF75A1 /* BHJXAppDelegate.h */ = {isa = PBXFileReference; lastKnownFileType = sourcecode.c.h; path = BHJXAppDelegate.h; sourceTree = "<group>"; };
		E89C502419EB2E7800FF75A1 /* BHJXAppDelegate.m */ = {isa = PBXFileReference; lastKnownFileType = sourcecode.c.objc; path = BHJXAppDelegate.m; sourceTree = "<group>"; };
		E89C502719EB2E7800FF75A1 /* Base */ = {isa = PBXFileReference; lastKnownFileType = file.storyboard; name = Base; path = Base.lproj/Main.storyboard; sourceTree = "<group>"; };
		E89C502919EB2E7800FF75A1 /* BHJXViewController.h */ = {isa = PBXFileReference; lastKnownFileType = sourcecode.c.h; path = BHJXViewController.h; sourceTree = "<group>"; };
		E89C502A19EB2E7800FF75A1 /* BHJXViewController.m */ = {isa = PBXFileReference; lastKnownFileType = sourcecode.c.objc; path = BHJXViewController.m; sourceTree = "<group>"; };
		E89C502C19EB2E7800FF75A1 /* BHJXLevel1Scene.h */ = {isa = PBXFileReference; lastKnownFileType = sourcecode.c.h; path = BHJXLevel1Scene.h; sourceTree = "<group>"; };
		E89C502D19EB2E7800FF75A1 /* BHJXLevel1Scene.m */ = {isa = PBXFileReference; lastKnownFileType = sourcecode.c.objc; path = BHJXLevel1Scene.m; sourceTree = "<group>"; };
		E89C502F19EB2E7800FF75A1 /* Spaceship.png */ = {isa = PBXFileReference; lastKnownFileType = image.png; path = Spaceship.png; sourceTree = "<group>"; };
		E89C503119EB2E7800FF75A1 /* Images.xcassets */ = {isa = PBXFileReference; lastKnownFileType = folder.assetcatalog; path = Images.xcassets; sourceTree = "<group>"; };
		E89C503719EB2E7800FF75A1 /* LayersTests.xctest */ = {isa = PBXFileReference; explicitFileType = wrapper.cfbundle; includeInIndex = 0; path = LayersTests.xctest; sourceTree = BUILT_PRODUCTS_DIR; };
		E89C503819EB2E7800FF75A1 /* XCTest.framework */ = {isa = PBXFileReference; lastKnownFileType = wrapper.framework; name = XCTest.framework; path = Library/Frameworks/XCTest.framework; sourceTree = DEVELOPER_DIR; };
		E89C504019EB2E7800FF75A1 /* LayersTests-Info.plist */ = {isa = PBXFileReference; lastKnownFileType = text.plist.xml; path = "LayersTests-Info.plist"; sourceTree = "<group>"; };
		E89C504219EB2E7800FF75A1 /* en */ = {isa = PBXFileReference; lastKnownFileType = text.plist.strings; name = en; path = en.lproj/InfoPlist.strings; sourceTree = "<group>"; };
		E89C504419EB2E7800FF75A1 /* LayersTests.m */ = {isa = PBXFileReference; lastKnownFileType = sourcecode.c.objc; path = LayersTests.m; sourceTree = "<group>"; };
		E89C504F19EB2E9F00FF75A1 /* Boulder.png */ = {isa = PBXFileReference; lastKnownFileType = image.png; path = Boulder.png; sourceTree = "<group>"; };
		E89C505019EB2E9F00FF75A1 /* LavaBoulder.png */ = {isa = PBXFileReference; lastKnownFileType = image.png; path = LavaBoulder.png; sourceTree = "<group>"; };
		E89C505219EB2E9F00FF75A1 /* Player.png */ = {isa = PBXFileReference; lastKnownFileType = image.png; path = Player.png; sourceTree = "<group>"; };
/* End PBXFileReference section */

/* Begin PBXFrameworksBuildPhase section */
		E89C500C19EB2E7800FF75A1 /* Frameworks */ = {
			isa = PBXFrameworksBuildPhase;
			buildActionMask = 2147483647;
			files = (
				E89C501519EB2E7800FF75A1 /* CoreGraphics.framework in Frameworks */,
				E89C501719EB2E7800FF75A1 /* UIKit.framework in Frameworks */,
				E89C501919EB2E7800FF75A1 /* SpriteKit.framework in Frameworks */,
				E89C501319EB2E7800FF75A1 /* Foundation.framework in Frameworks */,
			);
			runOnlyForDeploymentPostprocessing = 0;
		};
		E89C503419EB2E7800FF75A1 /* Frameworks */ = {
			isa = PBXFrameworksBuildPhase;
			buildActionMask = 2147483647;
			files = (
				E89C503919EB2E7800FF75A1 /* XCTest.framework in Frameworks */,
				E89C503B19EB2E7800FF75A1 /* UIKit.framework in Frameworks */,
				E89C503A19EB2E7800FF75A1 /* Foundation.framework in Frameworks */,
			);
			runOnlyForDeploymentPostprocessing = 0;
		};
/* End PBXFrameworksBuildPhase section */

/* Begin PBXGroup section */
		819C419C1A19D18300A0D65C /* CutSceneImages */ = {
			isa = PBXGroup;
			children = (
				819C41B21A19D20000A0D65C /* Ending */,
				819C41A91A19D1DE00A0D65C /* Intro3 */,
				819C419E1A19D1B500A0D65C /* Intro2 */,
				819C419D1A19D1A200A0D65C /* Intro1 */,
			);
			name = CutSceneImages;
			sourceTree = "<group>";
		};
		819C419D1A19D1A200A0D65C /* Intro1 */ = {
			isa = PBXGroup;
			children = (
				81BFAEC31A10326500058249 /* Intro1Scene7.png */,
				81BFAEC21A10326500058249 /* Intro1Scene2.png */,
				81BFAEC41A10326500058249 /* Intro1Scene6.png */,
				81BFAEC51A10326500058249 /* Intro1Scene5.png */,
				81BFAEC61A10326500058249 /* Intro1Scene4.png */,
				81BFAEBC1A10208C00058249 /* Intro1Scene1.png */,
				81BFAEBE1A102B0100058249 /* Intro1Scene3.png */,
			);
			name = Intro1;
			sourceTree = "<group>";
		};
		819C419E1A19D1B500A0D65C /* Intro2 */ = {
			isa = PBXGroup;
			children = (
				819C419F1A19D1DA00A0D65C /* Intro2Scene5.png */,
				819C41A01A19D1DA00A0D65C /* Intro2Scene4.png */,
				819C41A11A19D1DA00A0D65C /* Intro2Scene3.png */,
				819C41A21A19D1DA00A0D65C /* Intro2Scene2.png */,
				819C41A31A19D1DA00A0D65C /* Intro2Scene1.png */,
			);
			name = Intro2;
			sourceTree = "<group>";
		};
		819C41A91A19D1DE00A0D65C /* Intro3 */ = {
			isa = PBXGroup;
			children = (
				819C41AA1A19D1EC00A0D65C /* Intro3Scene4.png */,
				819C41AB1A19D1EC00A0D65C /* Intro3Scene3.png */,
				819C41AC1A19D1EC00A0D65C /* Intro3Scene2.png */,
				819C41AD1A19D1EC00A0D65C /* Intro3Scene1.png */,
			);
			name = Intro3;
			sourceTree = "<group>";
		};
		819C41B21A19D20000A0D65C /* Ending */ = {
			isa = PBXGroup;
			children = (
				819C41B31A19D20E00A0D65C /* EndScene3.png */,
				819C41B41A19D20E00A0D65C /* EndScene2.png */,
				819C41B51A19D20E00A0D65C /* EndScene1.png */,
			);
			name = Ending;
			sourceTree = "<group>";
		};
		819C41BC1A19D2C500A0D65C /* CutScenes */ = {
			isa = PBXGroup;
			children = (
				819C41BE1A19D3EB00A0D65C /* BHJXEndingCutscene.h */,
				819C41BF1A19D3EB00A0D65C /* BHJXEndingCutscene.m */,
				819C41B91A19D2BF00A0D65C /* BHJXIntroLevel3.h */,
				819C41BA1A19D2BF00A0D65C /* BHJXIntroLevel3.m */,
				81BFAEB71A1005D300058249 /* BHJXIntroLevel1.h */,
				81BFAEB81A1005D300058249 /* BHJXIntroLevel1.m */,
				819C41991A19D16100A0D65C /* BHJXIntroLevel2.h */,
				819C419A1A19D16100A0D65C /* BHJXIntroLevel2.m */,
			);
			name = CutScenes;
			sourceTree = "<group>";
		};
		819C41BD1A19D2E100A0D65C /* PlayScenes */ = {
			isa = PBXGroup;
			children = (
				E89C502C19EB2E7800FF75A1 /* BHJXLevel1Scene.h */,
				E89C502D19EB2E7800FF75A1 /* BHJXLevel1Scene.m */,
				A460CE301A12C0CA006AD185 /* BHJXLevel3Scene.h */,
				A460CE311A12C0CA006AD185 /* BHJXLevel3Scene.m */,
				E81E2ADB1A102B0600733BC2 /* BHJXLevel2Scene.h */,
				E81E2ADC1A102B0600733BC2 /* BHJXLevel2Scene.m */,
			);
			name = PlayScenes;
			sourceTree = "<group>";
		};
		E89C500619EB2E7800FF75A1 = {
			isa = PBXGroup;
			children = (
				E89C501A19EB2E7800FF75A1 /* Layers */,
				E89C503E19EB2E7800FF75A1 /* LayersTests */,
				E89C501119EB2E7800FF75A1 /* Frameworks */,
				E89C501019EB2E7800FF75A1 /* Products */,
			);
			sourceTree = "<group>";
		};
		E89C501019EB2E7800FF75A1 /* Products */ = {
			isa = PBXGroup;
			children = (
				E89C500F19EB2E7800FF75A1 /* Layers.app */,
				E89C503719EB2E7800FF75A1 /* LayersTests.xctest */,
			);
			name = Products;
			sourceTree = "<group>";
		};
		E89C501119EB2E7800FF75A1 /* Frameworks */ = {
			isa = PBXGroup;
			children = (
				E89C501219EB2E7800FF75A1 /* Foundation.framework */,
				E89C501419EB2E7800FF75A1 /* CoreGraphics.framework */,
				E89C501619EB2E7800FF75A1 /* UIKit.framework */,
				E89C501819EB2E7800FF75A1 /* SpriteKit.framework */,
				E89C503819EB2E7800FF75A1 /* XCTest.framework */,
			);
			name = Frameworks;
			sourceTree = "<group>";
		};
		E89C501A19EB2E7800FF75A1 /* Layers */ = {
			isa = PBXGroup;
			children = (
				819C41BD1A19D2E100A0D65C /* PlayScenes */,
				819C41BC1A19D2C500A0D65C /* CutScenes */,
				E89C502319EB2E7800FF75A1 /* BHJXAppDelegate.h */,
				E89C502419EB2E7800FF75A1 /* BHJXAppDelegate.m */,
				E89C502619EB2E7800FF75A1 /* Main.storyboard */,
				E804E6A819FD8BBF00529044 /* BHJXStartMenuScene.h */,
				E804E6A919FD8BBF00529044 /* BHJXStartMenuScene.m */,
				E89C502919EB2E7800FF75A1 /* BHJXViewController.h */,
				E89C502A19EB2E7800FF75A1 /* BHJXViewController.m */,
				E804E6A519FD830400529044 /* BHJXGameOverScene.h */,
				E804E6A619FD830400529044 /* BHJXGameOverScene.m */,
				E892CC051A196D3500C52332 /* BHJXVictoryScene.h */,
				E892CC061A196D3500C52332 /* BHJXVictoryScene.m */,
				E80493FF19F7491800A1A129 /* BHJXStartMenuViewController.h */,
				E804940019F7491800A1A129 /* BHJXStartMenuViewController.m */,
				E89C502F19EB2E7800FF75A1 /* Spaceship.png */,
				E89C504E19EB2E9F00FF75A1 /* Images */,
				E89C503119EB2E7800FF75A1 /* Images.xcassets */,
				E89C501B19EB2E7800FF75A1 /* Supporting Files */,
			);
			path = Layers;
			sourceTree = "<group>";
		};
		E89C501B19EB2E7800FF75A1 /* Supporting Files */ = {
			isa = PBXGroup;
			children = (
				A48A9FB519FD9EAB0032EBEE /* explosion_small.caf */,
				A48A9FB319FD9DE10032EBEE /* Layer.caf */,
				E89C501C19EB2E7800FF75A1 /* Layers-Info.plist */,
				E89C501D19EB2E7800FF75A1 /* InfoPlist.strings */,
				E89C502019EB2E7800FF75A1 /* main.m */,
				E89C502219EB2E7800FF75A1 /* Layers-Prefix.pch */,
			);
			name = "Supporting Files";
			sourceTree = "<group>";
		};
		E89C503E19EB2E7800FF75A1 /* LayersTests */ = {
			isa = PBXGroup;
			children = (
				E89C504419EB2E7800FF75A1 /* LayersTests.m */,
				E89C503F19EB2E7800FF75A1 /* Supporting Files */,
			);
			path = LayersTests;
			sourceTree = "<group>";
		};
		E89C503F19EB2E7800FF75A1 /* Supporting Files */ = {
			isa = PBXGroup;
			children = (
				E89C504019EB2E7800FF75A1 /* LayersTests-Info.plist */,
				E89C504119EB2E7800FF75A1 /* InfoPlist.strings */,
			);
			name = "Supporting Files";
			sourceTree = "<group>";
		};
		E89C504E19EB2E9F00FF75A1 /* Images */ = {
			isa = PBXGroup;
			children = (
				81E9414E1A1AD17A004BFF0C /* laser.png */,
				819C41C31A19D7E100A0D65C /* Mantle.atlas */,
				819C41C11A19D7D100A0D65C /* Current.png */,
				819C419C1A19D18300A0D65C /* CutSceneImages */,
				8138D3E91A168F8D00EE0BFD /* EvilDuck.png */,
				8105C7EC1A132F47006C811C /* Boulder.atlas */,
				8105C7EA1A1325E7006C811C /* Volcano.atlas */,
				8105C7E81A1313C2006C811C /* Volcanobackground.png */,
				81E941501A1AD564004BFF0C /* mantleBackground.png */,
				8105C7E41A12E76D006C811C /* Player.atlas */,
				8138D3E71A168AED00EE0BFD /* Boulder1.png */,
				E89C504F19EB2E9F00FF75A1 /* Boulder.png */,
				E84A26C019F98FFB00040D6E /* Startmenubackground.png */,
				E89C505019EB2E9F00FF75A1 /* LavaBoulder.png */,
				E89C505219EB2E9F00FF75A1 /* Player.png */,
			);
			path = Images;
			sourceTree = "<group>";
		};
/* End PBXGroup section */

/* Begin PBXNativeTarget section */
		E89C500E19EB2E7800FF75A1 /* Layers */ = {
			isa = PBXNativeTarget;
			buildConfigurationList = E89C504819EB2E7800FF75A1 /* Build configuration list for PBXNativeTarget "Layers" */;
			buildPhases = (
				E89C500B19EB2E7800FF75A1 /* Sources */,
				E89C500C19EB2E7800FF75A1 /* Frameworks */,
				E89C500D19EB2E7800FF75A1 /* Resources */,
			);
			buildRules = (
			);
			dependencies = (
			);
			name = Layers;
			productName = Layers;
			productReference = E89C500F19EB2E7800FF75A1 /* Layers.app */;
			productType = "com.apple.product-type.application";
		};
		E89C503619EB2E7800FF75A1 /* LayersTests */ = {
			isa = PBXNativeTarget;
			buildConfigurationList = E89C504B19EB2E7800FF75A1 /* Build configuration list for PBXNativeTarget "LayersTests" */;
			buildPhases = (
				E89C503319EB2E7800FF75A1 /* Sources */,
				E89C503419EB2E7800FF75A1 /* Frameworks */,
				E89C503519EB2E7800FF75A1 /* Resources */,
			);
			buildRules = (
			);
			dependencies = (
				E89C503D19EB2E7800FF75A1 /* PBXTargetDependency */,
			);
			name = LayersTests;
			productName = LayersTests;
			productReference = E89C503719EB2E7800FF75A1 /* LayersTests.xctest */;
			productType = "com.apple.product-type.bundle.unit-test";
		};
/* End PBXNativeTarget section */

/* Begin PBXProject section */
		E89C500719EB2E7800FF75A1 /* Project object */ = {
			isa = PBXProject;
			attributes = {
				CLASSPREFIX = BHJX;
				LastUpgradeCheck = 0510;
				ORGANIZATIONNAME = BHJX;
				TargetAttributes = {
					E89C503619EB2E7800FF75A1 = {
						TestTargetID = E89C500E19EB2E7800FF75A1;
					};
				};
			};
			buildConfigurationList = E89C500A19EB2E7800FF75A1 /* Build configuration list for PBXProject "Layers" */;
			compatibilityVersion = "Xcode 3.2";
			developmentRegion = English;
			hasScannedForEncodings = 0;
			knownRegions = (
				en,
				Base,
			);
			mainGroup = E89C500619EB2E7800FF75A1;
			productRefGroup = E89C501019EB2E7800FF75A1 /* Products */;
			projectDirPath = "";
			projectRoot = "";
			targets = (
				E89C500E19EB2E7800FF75A1 /* Layers */,
				E89C503619EB2E7800FF75A1 /* LayersTests */,
			);
		};
/* End PBXProject section */

/* Begin PBXResourcesBuildPhase section */
		E89C500D19EB2E7800FF75A1 /* Resources */ = {
			isa = PBXResourcesBuildPhase;
			buildActionMask = 2147483647;
			files = (
				E89C501F19EB2E7800FF75A1 /* InfoPlist.strings in Resources */,
				819C41B11A19D1EC00A0D65C /* Intro3Scene1.png in Resources */,
				819C41B61A19D20E00A0D65C /* EndScene3.png in Resources */,
				819C41B01A19D1EC00A0D65C /* Intro3Scene2.png in Resources */,
				8105C7ED1A132F47006C811C /* Boulder.atlas in Resources */,
				819C41C21A19D7D100A0D65C /* Current.png in Resources */,
				81BFAEC01A102B0100058249 /* Intro1Scene3.png in Resources */,
				81BFAEC81A10326500058249 /* Intro1Scene7.png in Resources */,
				8138D3EA1A168F8D00EE0BFD /* EvilDuck.png in Resources */,
				819C41A71A19D1DA00A0D65C /* Intro2Scene2.png in Resources */,
				E89C505419EB2E9F00FF75A1 /* LavaBoulder.png in Resources */,
				81BFAEC91A10326500058249 /* Intro1Scene6.png in Resources */,
				E89C505619EB2E9F00FF75A1 /* Player.png in Resources */,
				819C41A51A19D1DA00A0D65C /* Intro2Scene4.png in Resources */,
				81BFAECA1A10326500058249 /* Intro1Scene5.png in Resources */,
				81E941511A1AD564004BFF0C /* mantleBackground.png in Resources */,
				8105C7E51A12E76D006C811C /* Player.atlas in Resources */,
				8105C7E91A1313C2006C811C /* Volcanobackground.png in Resources */,
				A48A9FB419FD9DE10032EBEE /* Layer.caf in Resources */,
				8105C7EB1A1325E7006C811C /* Volcano.atlas in Resources */,
				819C41AF1A19D1EC00A0D65C /* Intro3Scene3.png in Resources */,
				819C41C41A19D7E100A0D65C /* Mantle.atlas in Resources */,
				E89C503219EB2E7800FF75A1 /* Images.xcassets in Resources */,
				819C41A81A19D1DA00A0D65C /* Intro2Scene1.png in Resources */,
				81E9414F1A1AD17A004BFF0C /* laser.png in Resources */,
				E89C505319EB2E9F00FF75A1 /* Boulder.png in Resources */,
				A48A9FB619FD9EAB0032EBEE /* explosion_small.caf in Resources */,
				E89C503019EB2E7800FF75A1 /* Spaceship.png in Resources */,
				E89C502819EB2E7800FF75A1 /* Main.storyboard in Resources */,
				81BFAECB1A10326500058249 /* Intro1Scene4.png in Resources */,
				81BFAEBD1A10208C00058249 /* Intro1Scene1.png in Resources */,
				819C41A41A19D1DA00A0D65C /* Intro2Scene5.png in Resources */,
				81BFAEC71A10326500058249 /* Intro1Scene2.png in Resources */,
				E84A26C119F98FFB00040D6E /* Startmenubackground.png in Resources */,
				819C41AE1A19D1EC00A0D65C /* Intro3Scene4.png in Resources */,
				819C41B71A19D20E00A0D65C /* EndScene2.png in Resources */,
				819C41A61A19D1DA00A0D65C /* Intro2Scene3.png in Resources */,
				819C41B81A19D20E00A0D65C /* EndScene1.png in Resources */,
				8138D3E81A168AED00EE0BFD /* Boulder1.png in Resources */,
			);
			runOnlyForDeploymentPostprocessing = 0;
		};
		E89C503519EB2E7800FF75A1 /* Resources */ = {
			isa = PBXResourcesBuildPhase;
			buildActionMask = 2147483647;
			files = (
				E89C504319EB2E7800FF75A1 /* InfoPlist.strings in Resources */,
			);
			runOnlyForDeploymentPostprocessing = 0;
		};
/* End PBXResourcesBuildPhase section */

/* Begin PBXSourcesBuildPhase section */
		E89C500B19EB2E7800FF75A1 /* Sources */ = {
			isa = PBXSourcesBuildPhase;
			buildActionMask = 2147483647;
			files = (
				E892CC071A196D3500C52332 /* BHJXVictoryScene.m in Sources */,
				819C41BB1A19D2BF00A0D65C /* BHJXIntroLevel3.m in Sources */,
				819C41C01A19D3EB00A0D65C /* BHJXEndingCutscene.m in Sources */,
				E804E6A719FD830400529044 /* BHJXGameOverScene.m in Sources */,
				E89C502E19EB2E7800FF75A1 /* BHJXLevel1Scene.m in Sources */,
				E89C502519EB2E7800FF75A1 /* BHJXAppDelegate.m in Sources */,
				E89C502B19EB2E7800FF75A1 /* BHJXViewController.m in Sources */,
				A460CE321A12C0CA006AD185 /* BHJXLevel3Scene.m in Sources */,
				819C419B1A19D16100A0D65C /* BHJXIntroLevel2.m in Sources */,
				E804940119F7491800A1A129 /* BHJXStartMenuViewController.m in Sources */,
				E81E2ADD1A102B0600733BC2 /* BHJXLevel2Scene.m in Sources */,
				81BFAEB91A1005D300058249 /* BHJXIntroLevel1.m in Sources */,
				E804E6AA19FD8BBF00529044 /* BHJXStartMenuScene.m in Sources */,
				E89C502119EB2E7800FF75A1 /* main.m in Sources */,
			);
			runOnlyForDeploymentPostprocessing = 0;
		};
		E89C503319EB2E7800FF75A1 /* Sources */ = {
			isa = PBXSourcesBuildPhase;
			buildActionMask = 2147483647;
			files = (
				E89C504519EB2E7800FF75A1 /* LayersTests.m in Sources */,
			);
			runOnlyForDeploymentPostprocessing = 0;
		};
/* End PBXSourcesBuildPhase section */

/* Begin PBXTargetDependency section */
		E89C503D19EB2E7800FF75A1 /* PBXTargetDependency */ = {
			isa = PBXTargetDependency;
			target = E89C500E19EB2E7800FF75A1 /* Layers */;
			targetProxy = E89C503C19EB2E7800FF75A1 /* PBXContainerItemProxy */;
		};
/* End PBXTargetDependency section */

/* Begin PBXVariantGroup section */
		E89C501D19EB2E7800FF75A1 /* InfoPlist.strings */ = {
			isa = PBXVariantGroup;
			children = (
				E89C501E19EB2E7800FF75A1 /* en */,
			);
			name = InfoPlist.strings;
			sourceTree = "<group>";
		};
		E89C502619EB2E7800FF75A1 /* Main.storyboard */ = {
			isa = PBXVariantGroup;
			children = (
				E89C502719EB2E7800FF75A1 /* Base */,
			);
			name = Main.storyboard;
			sourceTree = "<group>";
		};
		E89C504119EB2E7800FF75A1 /* InfoPlist.strings */ = {
			isa = PBXVariantGroup;
			children = (
				E89C504219EB2E7800FF75A1 /* en */,
			);
			name = InfoPlist.strings;
			sourceTree = "<group>";
		};
/* End PBXVariantGroup section */

/* Begin XCBuildConfiguration section */
		E89C504619EB2E7800FF75A1 /* Debug */ = {
			isa = XCBuildConfiguration;
			buildSettings = {
				ALWAYS_SEARCH_USER_PATHS = NO;
				CLANG_CXX_LANGUAGE_STANDARD = "gnu++0x";
				CLANG_CXX_LIBRARY = "libc++";
				CLANG_ENABLE_MODULES = YES;
				CLANG_ENABLE_OBJC_ARC = YES;
				CLANG_WARN_BOOL_CONVERSION = YES;
				CLANG_WARN_CONSTANT_CONVERSION = YES;
				CLANG_WARN_DIRECT_OBJC_ISA_USAGE = YES_ERROR;
				CLANG_WARN_EMPTY_BODY = YES;
				CLANG_WARN_ENUM_CONVERSION = YES;
				CLANG_WARN_INT_CONVERSION = YES;
				CLANG_WARN_OBJC_ROOT_CLASS = YES_ERROR;
				CLANG_WARN__DUPLICATE_METHOD_MATCH = YES;
				"CODE_SIGN_IDENTITY[sdk=iphoneos*]" = "iPhone Developer";
				COPY_PHASE_STRIP = NO;
				GCC_C_LANGUAGE_STANDARD = gnu99;
				GCC_DYNAMIC_NO_PIC = NO;
				GCC_OPTIMIZATION_LEVEL = 0;
				GCC_PREPROCESSOR_DEFINITIONS = (
					"DEBUG=1",
					"$(inherited)",
				);
				GCC_SYMBOLS_PRIVATE_EXTERN = NO;
				GCC_WARN_64_TO_32_BIT_CONVERSION = YES;
				GCC_WARN_ABOUT_RETURN_TYPE = YES_ERROR;
				GCC_WARN_UNDECLARED_SELECTOR = YES;
				GCC_WARN_UNINITIALIZED_AUTOS = YES_AGGRESSIVE;
				GCC_WARN_UNUSED_FUNCTION = YES;
				GCC_WARN_UNUSED_VARIABLE = YES;
				IPHONEOS_DEPLOYMENT_TARGET = 7.1;
				ONLY_ACTIVE_ARCH = YES;
				SDKROOT = iphoneos;
				TARGETED_DEVICE_FAMILY = 2;
			};
			name = Debug;
		};
		E89C504719EB2E7800FF75A1 /* Release */ = {
			isa = XCBuildConfiguration;
			buildSettings = {
				ALWAYS_SEARCH_USER_PATHS = NO;
				CLANG_CXX_LANGUAGE_STANDARD = "gnu++0x";
				CLANG_CXX_LIBRARY = "libc++";
				CLANG_ENABLE_MODULES = YES;
				CLANG_ENABLE_OBJC_ARC = YES;
				CLANG_WARN_BOOL_CONVERSION = YES;
				CLANG_WARN_CONSTANT_CONVERSION = YES;
				CLANG_WARN_DIRECT_OBJC_ISA_USAGE = YES_ERROR;
				CLANG_WARN_EMPTY_BODY = YES;
				CLANG_WARN_ENUM_CONVERSION = YES;
				CLANG_WARN_INT_CONVERSION = YES;
				CLANG_WARN_OBJC_ROOT_CLASS = YES_ERROR;
				CLANG_WARN__DUPLICATE_METHOD_MATCH = YES;
				"CODE_SIGN_IDENTITY[sdk=iphoneos*]" = "iPhone Developer";
				COPY_PHASE_STRIP = YES;
				ENABLE_NS_ASSERTIONS = NO;
				GCC_C_LANGUAGE_STANDARD = gnu99;
				GCC_WARN_64_TO_32_BIT_CONVERSION = YES;
				GCC_WARN_ABOUT_RETURN_TYPE = YES_ERROR;
				GCC_WARN_UNDECLARED_SELECTOR = YES;
				GCC_WARN_UNINITIALIZED_AUTOS = YES_AGGRESSIVE;
				GCC_WARN_UNUSED_FUNCTION = YES;
				GCC_WARN_UNUSED_VARIABLE = YES;
				IPHONEOS_DEPLOYMENT_TARGET = 7.1;
				SDKROOT = iphoneos;
				TARGETED_DEVICE_FAMILY = 2;
				VALIDATE_PRODUCT = YES;
			};
			name = Release;
		};
		E89C504919EB2E7800FF75A1 /* Debug */ = {
			isa = XCBuildConfiguration;
			buildSettings = {
				ASSETCATALOG_COMPILER_APPICON_NAME = AppIcon;
				ASSETCATALOG_COMPILER_LAUNCHIMAGE_NAME = LaunchImage;
				GCC_PRECOMPILE_PREFIX_HEADER = YES;
				GCC_PREFIX_HEADER = "Layers/Layers-Prefix.pch";
				INFOPLIST_FILE = "Layers/Layers-Info.plist";
				PRODUCT_NAME = "$(TARGET_NAME)";
				SPRITEKIT_TEXTURE_ATLAS_OUTPUT = YES;
				WRAPPER_EXTENSION = app;
			};
			name = Debug;
		};
		E89C504A19EB2E7800FF75A1 /* Release */ = {
			isa = XCBuildConfiguration;
			buildSettings = {
				ASSETCATALOG_COMPILER_APPICON_NAME = AppIcon;
				ASSETCATALOG_COMPILER_LAUNCHIMAGE_NAME = LaunchImage;
				GCC_PRECOMPILE_PREFIX_HEADER = YES;
				GCC_PREFIX_HEADER = "Layers/Layers-Prefix.pch";
				INFOPLIST_FILE = "Layers/Layers-Info.plist";
				PRODUCT_NAME = "$(TARGET_NAME)";
				SPRITEKIT_TEXTURE_ATLAS_OUTPUT = YES;
				WRAPPER_EXTENSION = app;
			};
			name = Release;
		};
		E89C504C19EB2E7800FF75A1 /* Debug */ = {
			isa = XCBuildConfiguration;
			buildSettings = {
				BUNDLE_LOADER = "$(BUILT_PRODUCTS_DIR)/Layers.app/Layers";
				FRAMEWORK_SEARCH_PATHS = (
					"$(SDKROOT)/Developer/Library/Frameworks",
					"$(inherited)",
					"$(DEVELOPER_FRAMEWORKS_DIR)",
				);
				GCC_PRECOMPILE_PREFIX_HEADER = YES;
				GCC_PREFIX_HEADER = "Layers/Layers-Prefix.pch";
				GCC_PREPROCESSOR_DEFINITIONS = (
					"DEBUG=1",
					"$(inherited)",
				);
				INFOPLIST_FILE = "LayersTests/LayersTests-Info.plist";
				PRODUCT_NAME = "$(TARGET_NAME)";
				TEST_HOST = "$(BUNDLE_LOADER)";
				WRAPPER_EXTENSION = xctest;
			};
			name = Debug;
		};
		E89C504D19EB2E7800FF75A1 /* Release */ = {
			isa = XCBuildConfiguration;
			buildSettings = {
				BUNDLE_LOADER = "$(BUILT_PRODUCTS_DIR)/Layers.app/Layers";
				FRAMEWORK_SEARCH_PATHS = (
					"$(SDKROOT)/Developer/Library/Frameworks",
					"$(inherited)",
					"$(DEVELOPER_FRAMEWORKS_DIR)",
				);
				GCC_PRECOMPILE_PREFIX_HEADER = YES;
				GCC_PREFIX_HEADER = "Layers/Layers-Prefix.pch";
				INFOPLIST_FILE = "LayersTests/LayersTests-Info.plist";
				PRODUCT_NAME = "$(TARGET_NAME)";
				TEST_HOST = "$(BUNDLE_LOADER)";
				WRAPPER_EXTENSION = xctest;
			};
			name = Release;
		};
/* End XCBuildConfiguration section */

/* Begin XCConfigurationList section */
		E89C500A19EB2E7800FF75A1 /* Build configuration list for PBXProject "Layers" */ = {
			isa = XCConfigurationList;
			buildConfigurations = (
				E89C504619EB2E7800FF75A1 /* Debug */,
				E89C504719EB2E7800FF75A1 /* Release */,
			);
			defaultConfigurationIsVisible = 0;
			defaultConfigurationName = Release;
		};
		E89C504819EB2E7800FF75A1 /* Build configuration list for PBXNativeTarget "Layers" */ = {
			isa = XCConfigurationList;
			buildConfigurations = (
				E89C504919EB2E7800FF75A1 /* Debug */,
				E89C504A19EB2E7800FF75A1 /* Release */,
			);
			defaultConfigurationIsVisible = 0;
			defaultConfigurationName = Release;
		};
		E89C504B19EB2E7800FF75A1 /* Build configuration list for PBXNativeTarget "LayersTests" */ = {
			isa = XCConfigurationList;
			buildConfigurations = (
				E89C504C19EB2E7800FF75A1 /* Debug */,
				E89C504D19EB2E7800FF75A1 /* Release */,
			);
			defaultConfigurationIsVisible = 0;
			defaultConfigurationName = Release;
		};
/* End XCConfigurationList section */
	};
	rootObject = E89C500719EB2E7800FF75A1 /* Project object */;
}
