// !$*UTF8*$!
{
	archiveVersion = 1;
	classes = {
	};
	objectVersion = 46;
	objects = {

/* Begin PBXContainerItemProxy section */
		81A80D8519EB251700E18FBC /* PBXContainerItemProxy */ = {
			isa = PBXContainerItemProxy;
			containerPortal = 81A80D5E19EB251700E18FBC /* Project object */;
			proxyType = 1;
			remoteGlobalIDString = 81A80D6519EB251700E18FBC;
			remoteInfo = BHJXLayers;
		};
/* End PBXContainerItemProxy section */

/* Begin PBXFileReference section */
		81A80D6619EB251700E18FBC /* BHJXLayers.app */ = {isa = PBXFileReference; explicitFileType = wrapper.application; includeInIndex = 0; name = BHJXLayers.app; path = "/Users/benleader/Desktop/Desktop/School/Software Development/Game/BHJXLayers/build/Debug-iphoneos/BHJXLayers.app"; sourceTree = "<absolute>"; };
		81A80D8419EB251700E18FBC /* BHJXLayersTests.xctest */ = {isa = PBXFileReference; explicitFileType = wrapper.cfbundle; includeInIndex = 0; name = BHJXLayersTests.xctest; path = "/Users/benleader/Desktop/Desktop/School/Software Development/Game/BHJXLayers/build/Debug-iphoneos/BHJXLayersTests.xctest"; sourceTree = "<absolute>"; };
/* End PBXFileReference section */

/* Begin PBXFrameworksBuildPhase section */
		81A80D6319EB251700E18FBC /* Frameworks */ = {
			isa = PBXFrameworksBuildPhase;
			buildActionMask = 2147483647;
			files = (
			);
			runOnlyForDeploymentPostprocessing = 0;
		};
		81A80D8119EB251700E18FBC /* Frameworks */ = {
			isa = PBXFrameworksBuildPhase;
			buildActionMask = 2147483647;
			files = (
			);
			runOnlyForDeploymentPostprocessing = 0;
		};
/* End PBXFrameworksBuildPhase section */

/* Begin PBXGroup section */
		81A80D5D19EB251700E18FBC = {
			isa = PBXGroup;
			children = (
			);
			sourceTree = "<group>";
		};
/* End PBXGroup section */

/* Begin PBXNativeTarget section */
		81A80D6519EB251700E18FBC /* BHJXLayers */ = {
			isa = PBXNativeTarget;
			buildConfigurationList = 81A80D8E19EB251700E18FBC /* Build configuration list for PBXNativeTarget "BHJXLayers" */;
			buildPhases = (
				81A80D6219EB251700E18FBC /* Sources */,
				81A80D6319EB251700E18FBC /* Frameworks */,
				81A80D6419EB251700E18FBC /* Resources */,
			);
			buildRules = (
			);
			dependencies = (
			);
			name = BHJXLayers;
			productName = BHJXLayers;
			productReference = 81A80D6619EB251700E18FBC /* BHJXLayers.app */;
			productType = "com.apple.product-type.application";
		};
		81A80D8319EB251700E18FBC /* BHJXLayersTests */ = {
			isa = PBXNativeTarget;
			buildConfigurationList = 81A80D9119EB251700E18FBC /* Build configuration list for PBXNativeTarget "BHJXLayersTests" */;
			buildPhases = (
				81A80D8019EB251700E18FBC /* Sources */,
				81A80D8119EB251700E18FBC /* Frameworks */,
				81A80D8219EB251700E18FBC /* Resources */,
			);
			buildRules = (
			);
			dependencies = (
				81A80D8619EB251700E18FBC /* PBXTargetDependency */,
			);
			name = BHJXLayersTests;
			productName = BHJXLayersTests;
			productReference = 81A80D8419EB251700E18FBC /* BHJXLayersTests.xctest */;
			productType = "com.apple.product-type.bundle.unit-test";
		};
/* End PBXNativeTarget section */

/* Begin PBXProject section */
		81A80D5E19EB251700E18FBC /* Project object */ = {
			isa = PBXProject;
			attributes = {
				LastUpgradeCheck = 0600;
				ORGANIZATIONNAME = "Hannah Long, Xiaotian Wang, John Park, Benjamin Leader";
				TargetAttributes = {
					81A80D6519EB251700E18FBC = {
						CreatedOnToolsVersion = 6.0.1;
					};
					81A80D8319EB251700E18FBC = {
						CreatedOnToolsVersion = 6.0.1;
						TestTargetID = 81A80D6519EB251700E18FBC;
					};
				};
			};
			buildConfigurationList = 81A80D6119EB251700E18FBC /* Build configuration list for PBXProject "BHJXLayers" */;
			compatibilityVersion = "Xcode 3.2";
			developmentRegion = English;
			hasScannedForEncodings = 0;
			knownRegions = (
				en,
				Base,
			);
			mainGroup = 81A80D5D19EB251700E18FBC;
			productRefGroup = 81A80D5D19EB251700E18FBC;
			projectDirPath = "";
			projectRoot = "";
			targets = (
				81A80D6519EB251700E18FBC /* BHJXLayers */,
				81A80D8319EB251700E18FBC /* BHJXLayersTests */,
			);
		};
/* End PBXProject section */

/* Begin PBXResourcesBuildPhase section */
		81A80D6419EB251700E18FBC /* Resources */ = {
			isa = PBXResourcesBuildPhase;
			buildActionMask = 2147483647;
			files = (
			);
			runOnlyForDeploymentPostprocessing = 0;
		};
		81A80D8219EB251700E18FBC /* Resources */ = {
			isa = PBXResourcesBuildPhase;
			buildActionMask = 2147483647;
			files = (
			);
			runOnlyForDeploymentPostprocessing = 0;
		};
/* End PBXResourcesBuildPhase section */

/* Begin PBXSourcesBuildPhase section */
		81A80D6219EB251700E18FBC /* Sources */ = {
			isa = PBXSourcesBuildPhase;
			buildActionMask = 2147483647;
			files = (
			);
			runOnlyForDeploymentPostprocessing = 0;
		};
		81A80D8019EB251700E18FBC /* Sources */ = {
			isa = PBXSourcesBuildPhase;
			buildActionMask = 2147483647;
			files = (
			);
			runOnlyForDeploymentPostprocessing = 0;
		};
/* End PBXSourcesBuildPhase section */

/* Begin PBXTargetDependency section */
		81A80D8619EB251700E18FBC /* PBXTargetDependency */ = {
			isa = PBXTargetDependency;
			target = 81A80D6519EB251700E18FBC /* BHJXLayers */;
			targetProxy = 81A80D8519EB251700E18FBC /* PBXContainerItemProxy */;
		};
/* End PBXTargetDependency section */

/* Begin XCBuildConfiguration section */
		81A80D8C19EB251700E18FBC /* Debug */ = {
			isa = XCBuildConfiguration;
			buildSettings = {
				ALWAYS_SEARCH_USER_PATHS = NO;
				CLANG_CXX_LANGUAGE_STANDARD = "gnu++0x";
				CLANG_CXX_LIBRARY = "libc++";
				CLANG_ENABLE_MODULES = YES;
				CLANG_ENABLE_OBJC_ARC = YES;
				CLANG_WARN_BOOL_CONVERSION = YES;
				CLANG_WARN_CONSTANT_CONVERSION = YES;
				CLANG_WARN_DIRECT_OBJC_ISA_USAGE = YES_ERROR;
				CLANG_WARN_EMPTY_BODY = YES;
				CLANG_WARN_ENUM_CONVERSION = YES;
				CLANG_WARN_INT_CONVERSION = YES;
				CLANG_WARN_OBJC_ROOT_CLASS = YES_ERROR;
				CLANG_WARN_UNREACHABLE_CODE = YES;
				CLANG_WARN__DUPLICATE_METHOD_MATCH = YES;
				"CODE_SIGN_IDENTITY[sdk=iphoneos*]" = "iPhone Developer";
				COPY_PHASE_STRIP = NO;
				ENABLE_STRICT_OBJC_MSGSEND = YES;
				GCC_C_LANGUAGE_STANDARD = gnu99;
				GCC_DYNAMIC_NO_PIC = NO;
				GCC_OPTIMIZATION_LEVEL = 0;
				GCC_PREPROCESSOR_DEFINITIONS = (
					"DEBUG=1",
					"$(inherited)",
				);
				GCC_SYMBOLS_PRIVATE_EXTERN = NO;
				GCC_WARN_64_TO_32_BIT_CONVERSION = YES;
				GCC_WARN_ABOUT_RETURN_TYPE = YES_ERROR;
				GCC_WARN_UNDECLARED_SELECTOR = YES;
				GCC_WARN_UNINITIALIZED_AUTOS = YES_AGGRESSIVE;
				GCC_WARN_UNUSED_FUNCTION = YES;
				GCC_WARN_UNUSED_VARIABLE = YES;
				IPHONEOS_DEPLOYMENT_TARGET = 8.0;
				MTL_ENABLE_DEBUG_INFO = YES;
				ONLY_ACTIVE_ARCH = YES;
				SDKROOT = iphoneos;
				TARGETED_DEVICE_FAMILY = 2;
			};
			name = Debug;
		};
		81A80D8D19EB251700E18FBC /* Release */ = {
			isa = XCBuildConfiguration;
			buildSettings = {
				ALWAYS_SEARCH_USER_PATHS = NO;
				CLANG_CXX_LANGUAGE_STANDARD = "gnu++0x";
				CLANG_CXX_LIBRARY = "libc++";
				CLANG_ENABLE_MODULES = YES;
				CLANG_ENABLE_OBJC_ARC = YES;
				CLANG_WARN_BOOL_CONVERSION = YES;
				CLANG_WARN_CONSTANT_CONVERSION = YES;
				CLANG_WARN_DIRECT_OBJC_ISA_USAGE = YES_ERROR;
				CLANG_WARN_EMPTY_BODY = YES;
				CLANG_WARN_ENUM_CONVERSION = YES;
				CLANG_WARN_INT_CONVERSION = YES;
				CLANG_WARN_OBJC_ROOT_CLASS = YES_ERROR;
				CLANG_WARN_UNREACHABLE_CODE = YES;
				CLANG_WARN__DUPLICATE_METHOD_MATCH = YES;
				"CODE_SIGN_IDENTITY[sdk=iphoneos*]" = "iPhone Developer";
				COPY_PHASE_STRIP = YES;
				ENABLE_NS_ASSERTIONS = NO;
				ENABLE_STRICT_OBJC_MSGSEND = YES;
				GCC_C_LANGUAGE_STANDARD = gnu99;
				GCC_WARN_64_TO_32_BIT_CONVERSION = YES;
				GCC_WARN_ABOUT_RETURN_TYPE = YES_ERROR;
				GCC_WARN_UNDECLARED_SELECTOR = YES;
				GCC_WARN_UNINITIALIZED_AUTOS = YES_AGGRESSIVE;
				GCC_WARN_UNUSED_FUNCTION = YES;
				GCC_WARN_UNUSED_VARIABLE = YES;
				IPHONEOS_DEPLOYMENT_TARGET = 8.0;
				MTL_ENABLE_DEBUG_INFO = NO;
				SDKROOT = iphoneos;
				TARGETED_DEVICE_FAMILY = 2;
				VALIDATE_PRODUCT = YES;
			};
			name = Release;
		};
		81A80D8F19EB251700E18FBC /* Debug */ = {
			isa = XCBuildConfiguration;
			buildSettings = {
				ASSETCATALOG_COMPILER_APPICON_NAME = AppIcon;
				INFOPLIST_FILE = BHJXLayers/Info.plist;
				LD_RUNPATH_SEARCH_PATHS = "$(inherited) @executable_path/Frameworks";
				PRODUCT_NAME = "$(TARGET_NAME)";
			};
			name = Debug;
		};
		81A80D9019EB251700E18FBC /* Release */ = {
			isa = XCBuildConfiguration;
			buildSettings = {
				ASSETCATALOG_COMPILER_APPICON_NAME = AppIcon;
				INFOPLIST_FILE = BHJXLayers/Info.plist;
				LD_RUNPATH_SEARCH_PATHS = "$(inherited) @executable_path/Frameworks";
				PRODUCT_NAME = "$(TARGET_NAME)";
			};
			name = Release;
		};
		81A80D9219EB251700E18FBC /* Debug */ = {
			isa = XCBuildConfiguration;
			buildSettings = {
				BUNDLE_LOADER = "$(TEST_HOST)";
				FRAMEWORK_SEARCH_PATHS = (
					"$(SDKROOT)/Developer/Library/Frameworks",
					"$(inherited)",
				);
				GCC_PREPROCESSOR_DEFINITIONS = (
					"DEBUG=1",
					"$(inherited)",
				);
				INFOPLIST_FILE = BHJXLayersTests/Info.plist;
				LD_RUNPATH_SEARCH_PATHS = "$(inherited) @executable_path/Frameworks @loader_path/Frameworks";
				PRODUCT_NAME = "$(TARGET_NAME)";
				TEST_HOST = "$(BUILT_PRODUCTS_DIR)/BHJXLayers.app/BHJXLayers";
			};
			name = Debug;
		};
		81A80D9319EB251700E18FBC /* Release */ = {
			isa = XCBuildConfiguration;
			buildSettings = {
				BUNDLE_LOADER = "$(TEST_HOST)";
				FRAMEWORK_SEARCH_PATHS = (
					"$(SDKROOT)/Developer/Library/Frameworks",
					"$(inherited)",
				);
				INFOPLIST_FILE = BHJXLayersTests/Info.plist;
				LD_RUNPATH_SEARCH_PATHS = "$(inherited) @executable_path/Frameworks @loader_path/Frameworks";
				PRODUCT_NAME = "$(TARGET_NAME)";
				TEST_HOST = "$(BUILT_PRODUCTS_DIR)/BHJXLayers.app/BHJXLayers";
			};
			name = Release;
		};
/* End XCBuildConfiguration section */

/* Begin XCConfigurationList section */
		81A80D6119EB251700E18FBC /* Build configuration list for PBXProject "BHJXLayers" */ = {
			isa = XCConfigurationList;
			buildConfigurations = (
				81A80D8C19EB251700E18FBC /* Debug */,
				81A80D8D19EB251700E18FBC /* Release */,
			);
			defaultConfigurationIsVisible = 0;
			defaultConfigurationName = Release;
		};
		81A80D8E19EB251700E18FBC /* Build configuration list for PBXNativeTarget "BHJXLayers" */ = {
			isa = XCConfigurationList;
			buildConfigurations = (
				81A80D8F19EB251700E18FBC /* Debug */,
				81A80D9019EB251700E18FBC /* Release */,
			);
			defaultConfigurationIsVisible = 0;
			defaultConfigurationName = Release;
		};
		81A80D9119EB251700E18FBC /* Build configuration list for PBXNativeTarget "BHJXLayersTests" */ = {
			isa = XCConfigurationList;
			buildConfigurations = (
				81A80D9219EB251700E18FBC /* Debug */,
				81A80D9319EB251700E18FBC /* Release */,
			);
			defaultConfigurationIsVisible = 0;
			defaultConfigurationName = Release;
		};
/* End XCConfigurationList section */
	};
	rootObject = 81A80D5E19EB251700E18FBC /* Project object */;
}
